{
  "name": "three-steer",
  "version": "1.0.0",
  "lockfileVersion": 1,
  "requires": true,
  "dependencies": {
    "three": {
      "version": "0.119.1",
      "resolved": "https://registry.npmjs.org/three/-/three-0.119.1.tgz",
      "integrity": "sha512-GHyh/RiUfQ5VTiWIVRRTANYoXc1PFB1y+jDVRTb649nif1uX1F06PT1TKU3k2+F/MN4UJ3PWvQB53fY2OqKqKw=="
    },
    "typescript": {
      "version": "3.9.7",
      "resolved": "https://registry.npmjs.org/typescript/-/typescript-3.9.7.tgz",
      "integrity": "sha512-BLbiRkiBzAwsjut4x/dsibSTB6yWpwT5qWmC2OfuCg3GgVQCSgMs4vEctYPhsaGtd0AeuuHMkjZ2h2WG8MSzRw==",
      "dev": true
    }
  }
}
